<?xml version="1.0" encoding="utf-8"?>
<Project ToolsVersion="4.0" xmlns="http://schemas.microsoft.com/developer/msbuild/2003">
  <ItemGroup>
    <Filter Include="源文件">
      <UniqueIdentifier>{4FC737F1-C7A5-4376-A066-2A32D752A2FF}</UniqueIdentifier>
      <Extensions>cpp;c;cc;cxx;c++;cppm;ixx;def;odl;idl;hpj;bat;asm;asmx</Extensions>
    </Filter>
    <Filter Include="头文件">
      <UniqueIdentifier>{93995380-89BD-4b04-88EB-625FBE52EBFB}</UniqueIdentifier>
      <Extensions>h;hh;hpp;hxx;h++;hm;inl;inc;ipp;xsd</Extensions>
    </Filter>
    <Filter Include="资源文件">
      <UniqueIdentifier>{67DA6AB6-F800-4c08-8B7A-83BB121AAD01}</UniqueIdentifier>
      <Extensions>rc;ico;cur;bmp;dlg;rc2;rct;bin;rgs;gif;jpg;jpeg;jpe;resx;tiff;tif;png;wav;mfcribbon-ms</Extensions>
    </Filter>
    <Filter Include="头文件\scene">
      <UniqueIdentifier>{4174cb10-1912-41ed-b6e0-edcbec5dd863}</UniqueIdentifier>
    </Filter>
    <Filter Include="头文件\util">
      <UniqueIdentifier>{455fd593-8b8c-4862-a6bc-3a8354766a53}</UniqueIdentifier>
    </Filter>
    <Filter Include="头文件\animation">
      <UniqueIdentifier>{086e154b-7b00-4e40-889e-ebe8d9f8ee15}</UniqueIdentifier>
    </Filter>
    <Filter Include="头文件\atlas">
      <UniqueIdentifier>{00bcc06d-b230-45dd-b099-0bfec80a9b6b}</UniqueIdentifier>
    </Filter>
    <Filter Include="头文件\player">
      <UniqueIdentifier>{acbaf478-0c0b-4bb5-b636-106605891e4d}</UniqueIdentifier>
    </Filter>
    <Filter Include="头文件\platform">
      <UniqueIdentifier>{4d154b7a-9aff-4803-9dde-87c9aaf2f911}</UniqueIdentifier>
    </Filter>
    <Filter Include="头文件\scene\scene">
      <UniqueIdentifier>{baecac70-6979-4e18-8ff5-43b96c091cbc}</UniqueIdentifier>
    </Filter>
    <Filter Include="头文件\scene\menu_scene">
      <UniqueIdentifier>{b88fa161-e35e-4c86-b466-6bd01743ce7c}</UniqueIdentifier>
    </Filter>
    <Filter Include="头文件\scene\scene_manager">
      <UniqueIdentifier>{5c3ed2ae-7058-4c3e-af82-c61ad28436c7}</UniqueIdentifier>
    </Filter>
    <Filter Include="头文件\scene\game_scene">
      <UniqueIdentifier>{eef5680f-fd30-47be-80fe-918d78569cf5}</UniqueIdentifier>
    </Filter>
    <Filter Include="头文件\scene\pause_scene">
      <UniqueIdentifier>{45bdefa1-bb8a-4947-a202-21441acd4417}</UniqueIdentifier>
    </Filter>
    <Filter Include="头文件\scene\set_up_scene">
      <UniqueIdentifier>{0a40a197-b738-4a73-a773-6bd13afaf9ab}</UniqueIdentifier>
    </Filter>
    <Filter Include="头文件\platform\platform">
      <UniqueIdentifier>{73ba73f1-8d05-4063-96bd-9feafa4bad3b}</UniqueIdentifier>
    </Filter>
    <Filter Include="头文件\platform\AC_platform">
      <UniqueIdentifier>{f9ac2f32-30e5-4365-9185-1e1985b1c574}</UniqueIdentifier>
    </Filter>
    <Filter Include="头文件\platform\WA_platform">
      <UniqueIdentifier>{a8093552-8d77-4f4c-8f60-ea0f17e32d1c}</UniqueIdentifier>
    </Filter>
    <Filter Include="头文件\platform\NULL_platform">
      <UniqueIdentifier>{790f1ba1-98fb-4afa-92f5-06bad60757a8}</UniqueIdentifier>
    </Filter>
    <Filter Include="头文件\platform\CE_platform">
      <UniqueIdentifier>{1d2d09d9-73ab-4c4c-95a7-86caae984fae}</UniqueIdentifier>
    </Filter>
    <Filter Include="头文件\platform\TLE_platform">
      <UniqueIdentifier>{a279110c-5082-43c8-bb66-a381ffb6aec6}</UniqueIdentifier>
    </Filter>
    <Filter Include="头文件\platform\MLE_platform">
      <UniqueIdentifier>{d7e525e4-6109-4f9f-8cf1-8690c0a6b78c}</UniqueIdentifier>
    </Filter>
    <Filter Include="头文件\util\image_util">
      <UniqueIdentifier>{96c2b3a3-f8b3-47a9-beee-ec8fb29062d5}</UniqueIdentifier>
    </Filter>
    <Filter Include="头文件\scene\select_level_scene">
      <UniqueIdentifier>{b7838143-d068-47e3-aba7-22ab06cfcbdd}</UniqueIdentifier>
    </Filter>
    <Filter Include="头文件\items">
      <UniqueIdentifier>{2d31f940-36d8-49c0-bfca-52105367d18a}</UniqueIdentifier>
    </Filter>
    <Filter Include="头文件\button">
      <UniqueIdentifier>{6b06db1a-6fdd-41c8-9f35-3b28f6a65f1f}</UniqueIdentifier>
    </Filter>
    <Filter Include="头文件\button\button">
      <UniqueIdentifier>{95ef54cf-dbee-4ba4-9e1d-790fa44d1211}</UniqueIdentifier>
    </Filter>
    <Filter Include="头文件\button\menu_button">
      <UniqueIdentifier>{10ba299b-c0c9-455f-834e-4cc15de7a7fd}</UniqueIdentifier>
    </Filter>
    <Filter Include="头文件\button\select_mode_button">
      <UniqueIdentifier>{6180b0bf-23be-4eb2-9f01-eff5a5080d01}</UniqueIdentifier>
    </Filter>
    <Filter Include="头文件\vector2">
      <UniqueIdentifier>{9718fdc6-fcf4-4f40-ab59-eafa76df1a10}</UniqueIdentifier>
    </Filter>
    <Filter Include="头文件\scene\achievement_scene">
      <UniqueIdentifier>{91c8b513-eb4e-4ac3-af78-c477d40bdf4f}</UniqueIdentifier>
    </Filter>
    <Filter Include="头文件\achievement">
      <UniqueIdentifier>{bd14dd5a-ff8e-4dda-a666-aec27394f5e0}</UniqueIdentifier>
    </Filter>
    <Filter Include="头文件\scene\death_scene">
      <UniqueIdentifier>{eca69955-0008-4f2e-b418-930aeef3028d}</UniqueIdentifier>
    </Filter>
    <Filter Include="头文件\scene\select_mode_scene">
      <UniqueIdentifier>{43fd485f-7df3-42a0-9d62-b14cc5f120ce}</UniqueIdentifier>
    </Filter>
    <Filter Include="头文件\scene\show_detail_scene">
      <UniqueIdentifier>{d78cd271-f0bb-4fa8-ab89-99d1cebe75fa}</UniqueIdentifier>
    </Filter>
    <Filter Include="头文件\scene\CG_scene">
      <UniqueIdentifier>{8931e5a2-958f-4b0c-a291-b83ffbf70469}</UniqueIdentifier>
    </Filter>
    <Filter Include="头文件\items\item">
      <UniqueIdentifier>{0d7a9a78-6d6d-4b7c-9fe1-3a58eb3e958e}</UniqueIdentifier>
    </Filter>
    <Filter Include="头文件\items\item_carefully_BBQ">
      <UniqueIdentifier>{c22b5e60-97fd-4e35-9de7-c2a8f10a1252}</UniqueIdentifier>
    </Filter>
    <Filter Include="头文件\items\item_ctrl_Z">
      <UniqueIdentifier>{cfe6ac13-60bd-4d2f-a046-3df2f1956b4d}</UniqueIdentifier>
    </Filter>
    <Filter Include="头文件\items\item_helpme_awei">
      <UniqueIdentifier>{e3c2bb9c-6ef6-45a3-abd4-fa8a0d74b5af}</UniqueIdentifier>
    </Filter>
    <Filter Include="头文件\items\item_hiraijin">
      <UniqueIdentifier>{0a528f97-b23e-409b-b12f-149200539617}</UniqueIdentifier>
    </Filter>
    <Filter Include="头文件\items\item_once_again">
      <UniqueIdentifier>{73d07343-93cd-4acc-b71e-8a916cf99e02}</UniqueIdentifier>
    </Filter>
    <Filter Include="头文件\items\item_the_world">
      <UniqueIdentifier>{beef91b9-3bf7-4032-9948-14c90e72eb12}</UniqueIdentifier>
    </Filter>
    <Filter Include="头文件\map">
      <UniqueIdentifier>{beb7c92b-194c-4c0d-baea-da6bf0fa4c22}</UniqueIdentifier>
    </Filter>
    <Filter Include="头文件\platform\bounce_platform">
      <UniqueIdentifier>{655d4ab2-11dd-466b-8106-2905a992ad49}</UniqueIdentifier>
    </Filter>
    <Filter Include="头文件\platform\speed_platform">
      <UniqueIdentifier>{6c4108a4-bdb9-45ed-ac4e-1475b4e20d1c}</UniqueIdentifier>
    </Filter>
    <Filter Include="头文件\button\pause_button">
      <UniqueIdentifier>{c1fc5152-4394-433c-8e27-0e4afbe193fd}</UniqueIdentifier>
    </Filter>
    <Filter Include="头文件\button\achievement_button">
      <UniqueIdentifier>{240df5b8-6e27-4b1d-91e3-98aa02d8ad6d}</UniqueIdentifier>
    </Filter>
 
    <Filter Include="头文件\button\showus_button">
      <UniqueIdentifier>{3da11b0e-840c-4ef7-8599-0e929539ab6f}</UniqueIdentifier>
    </Filter>
    <Filter Include="头文件\scene\win_scene">
      <UniqueIdentifier>{148c6338-f09f-4778-80d8-6b2a1694a4cd}</UniqueIdentifier>
    </Filter>
    <Filter Include="头文件\button\win_button">
      <UniqueIdentifier>{4d4f50c1-ede4-4d73-86c9-30b2826776de}</UniqueIdentifier>
    </Filter>
    <Filter Include="头文件\scene\login_scene">
      <UniqueIdentifier>{8fe23144-9db3-4384-aea0-bddbaf7f4217}</UniqueIdentifier>
    </Filter>
    <Filter Include="头文件\button\login_button">
      <UniqueIdentifier>{879a5623-dee5-46e0-8673-a44fdf699d2c}</UniqueIdentifier>
    </Filter>
    <Filter Include="头文件\scene\select_items_scene">
      <UniqueIdentifier>{08d4ff5b-d0ba-4fa5-a9b8-ae7e26384f3d}</UniqueIdentifier>
    </Filter>
    <Filter Include="头文件\button\set_up_button">
      <UniqueIdentifier>{2d042593-b295-44eb-9c3a-8e5291d1cd5a}</UniqueIdentifier>
    </Filter>
    <Filter Include="头文件\scene\rank_scene">
      <UniqueIdentifier>{40c631c7-10cb-4a99-8893-0b92f9fa3d29}</UniqueIdentifier>
    </Filter>  </ItemGroup>
  <ItemGroup>
    <ClCompile Include="main.cpp">
      <Filter>源文件</Filter>
    </ClCompile>
    <ClCompile Include="animation\animation.cpp">
      <Filter>头文件\animation</Filter>
    </ClCompile>
    <ClCompile Include="atlas\atlas.cpp">
      <Filter>头文件\atlas</Filter>
    </ClCompile>
    <ClCompile Include="player\player.cpp">
      <Filter>头文件\player</Filter>
    </ClCompile>
    <ClCompile Include="scene\game_scene\game_scene.cpp">
      <Filter>头文件\scene\game_scene</Filter>
    </ClCompile>
    <ClCompile Include="scene\menu_scene\menu_scene.cpp">
      <Filter>头文件\scene\menu_scene</Filter>
    </ClCompile>
    <ClCompile Include="scene\pause_scene\pause_scene.cpp">
      <Filter>头文件\scene\pause_scene</Filter>
    </ClCompile>
    <ClCompile Include="scene\scene\scene.cpp">
      <Filter>头文件\scene\scene</Filter>
    </ClCompile>
    <ClCompile Include="scene\scene_manager\scene_manager.cpp">
      <Filter>头文件\scene\scene_manager</Filter>
    </ClCompile>
    <ClCompile Include="scene\set_up_scene\set_up_scene.cpp">
      <Filter>头文件\scene\set_up_scene</Filter>
    </ClCompile>
    <ClCompile Include="util\image_util\image_util.cpp">
      <Filter>头文件\util\image_util</Filter>
    </ClCompile>
    <ClCompile Include="platform\platform\platform.cpp">
      <Filter>头文件\platform\platform</Filter>
    </ClCompile>
    <ClCompile Include="scene\select_level_scene\select_level_scene.cpp">
      <Filter>头文件\scene\select_level_scene</Filter>
    </ClCompile>
    <ClCompile Include="button\button\button.cpp">
      <Filter>头文件\button\button</Filter>
    </ClCompile>
    <ClCompile Include="global.cpp">
      <Filter>源文件</Filter>
    </ClCompile>
    <ClCompile Include="vector2\vector2.cpp">
      <Filter>头文件\vector2</Filter>
    </ClCompile>
    <ClCompile Include="scene\achievement_scene\achievement_scene.cpp">
      <Filter>头文件\scene\achievement_scene</Filter>
    </ClCompile>
    <ClCompile Include="achievement\achievement.cpp">
      <Filter>头文件\achievement</Filter>
    </ClCompile>
    <ClCompile Include="scene\death_scene\death_scene.cpp">
      <Filter>头文件\scene\death_scene</Filter>
    </ClCompile>
    <ClCompile Include="scene\select_mode_scene\select_mode_scene.cpp">
      <Filter>头文件\scene\select_mode_scene</Filter>
    </ClCompile>
    <ClCompile Include="scene\show_detail_scene\show_detail_scene.cpp">
      <Filter>头文件\scene\show_detail_scene</Filter>
    </ClCompile>
    <ClCompile Include="scene\CG_scene\CG_scene.cpp">
      <Filter>头文件\scene\CG_scene</Filter>
    </ClCompile>
    <ClCompile Include="items\item\item.cpp">
      <Filter>头文件\items\item</Filter>
    </ClCompile>
    <ClCompile Include="items\item_carefully_BBQ\item_carefully_BBQ.cpp">
      <Filter>头文件\items\item_carefully_BBQ</Filter>
    </ClCompile>
    <ClCompile Include="items\item_ctrl_Z\item_ctrl_Z.cpp">
      <Filter>头文件\items\item_ctrl_Z</Filter>
    </ClCompile>
    <ClCompile Include="items\item_helpme_awei\item_helpme_awei.cpp">
      <Filter>头文件\items\item_helpme_awei</Filter>
    </ClCompile>
    <ClCompile Include="items\item_hiraijin\item_hiraijin.cpp">
      <Filter>头文件\items\item_hiraijin</Filter>
    </ClCompile>
    <ClCompile Include="items\item_once_again\item_once_again.cpp">
      <Filter>头文件\items\item_once_again</Filter>
    </ClCompile>
    <ClCompile Include="items\item_the_world\item_the_world.cpp">
      <Filter>头文件\items\item_the_world</Filter>
    </ClCompile>
    <ClCompile Include="scene\win_scene\win_scene.cpp">
      <Filter>头文件\scene\win_scene</Filter>
    </ClCompile>
    <ClCompile Include="memory.cpp">
      <Filter>源文件</Filter>
    </ClCompile>
    <ClCompile Include="scene\login_scene\login_scene.cpp">
      <Filter>头文件\scene\login_scene</Filter>
    </ClCompile>
    <ClCompile Include="scene\select_items_scene\select_items_scene.cpp">
      <Filter>头文件\scene\select_items_scene</Filter>
    </ClCompile>
    <ClCompile Include="scene\rank_scene\rank_scene.cpp">
      <Filter>头文件\scene\rank_scene</Filter>
    </ClCompile>
  </ItemGroup>
  <ItemGroup>
    <ClInclude Include="animation\animation.h">
      <Filter>头文件\animation</Filter>
    </ClInclude>
    <ClInclude Include="atlas\atlas.h">
      <Filter>头文件\atlas</Filter>
    </ClInclude>
    <ClInclude Include="player\player.h">
      <Filter>头文件\player</Filter>
    </ClInclude>
    <ClInclude Include="scene\game_scene\game_scene.h">
      <Filter>头文件\scene\game_scene</Filter>
    </ClInclude>
    <ClInclude Include="scene\menu_scene\menu_scene.h">
      <Filter>头文件\scene\menu_scene</Filter>
    </ClInclude>
    <ClInclude Include="scene\pause_scene\pause_scene.h">
      <Filter>头文件\scene\pause_scene</Filter>
    </ClInclude>
    <ClInclude Include="scene\scene\scene.h">
      <Filter>头文件\scene\scene</Filter>
    </ClInclude>
    <ClInclude Include="scene\scene_manager\scene_manager.h">
      <Filter>头文件\scene\scene_manager</Filter>
    </ClInclude>
    <ClInclude Include="scene\set_up_scene\set_up_scene.h">
      <Filter>头文件\scene\set_up_scene</Filter>
    </ClInclude>
    <ClInclude Include="platform\AC_platform\AC_platform.h">
      <Filter>头文件\platform\AC_platform</Filter>
    </ClInclude>
    <ClInclude Include="platform\CE_platform\CE_platform.h">
      <Filter>头文件\platform\CE_platform</Filter>
    </ClInclude>
    <ClInclude Include="platform\MLE_platform\MLE_platform.h">
      <Filter>头文件\platform\MLE_platform</Filter>
    </ClInclude>
    <ClInclude Include="platform\NULL_platform\NULL_platform.h">
      <Filter>头文件\platform\NULL_platform</Filter>
    </ClInclude>
    <ClInclude Include="platform\platform\platform.h">
      <Filter>头文件\platform\platform</Filter>
    </ClInclude>
    <ClInclude Include="platform\TLE_platform\TLE_platform.h">
      <Filter>头文件\platform\TLE_platform</Filter>
    </ClInclude>
    <ClInclude Include="platform\WA_platform\WA_platform.h">
      <Filter>头文件\platform\WA_platform</Filter>
    </ClInclude>
    <ClInclude Include="scene\select_level_scene\select_level_scene.h">
      <Filter>头文件\scene\select_level_scene</Filter>
    </ClInclude>
    <ClInclude Include="button\button\button.h">
      <Filter>头文件\button\button</Filter>
    </ClInclude>
    <ClInclude Include="button\menu_button\menu_button.h">
      <Filter>头文件\button\menu_button</Filter>
    </ClInclude>
    <ClInclude Include="vector2\vector2.h">
      <Filter>头文件\vector2</Filter>
    </ClInclude>
    <ClInclude Include="scene\achievement_scene\achievement_scene.h">
      <Filter>头文件\scene\achievement_scene</Filter>
    </ClInclude>
    <ClInclude Include="achievement\achievement.h">
      <Filter>头文件\achievement</Filter>
    </ClInclude>
    <ClInclude Include="scene\death_scene\death_scene.h">
      <Filter>头文件\scene\death_scene</Filter>
    </ClInclude>
    <ClInclude Include="scene\select_mode_scene\select_mode_scene.h">
      <Filter>头文件\scene\select_mode_scene</Filter>
    </ClInclude>
    <ClInclude Include="button\select_mode_button\select_mode_button.h">
      <Filter>头文件\button\select_mode_button</Filter>
    </ClInclude>
    <ClInclude Include="scene\show_detail_scene\show_detail_scene.h">
      <Filter>头文件\scene\show_detail_scene</Filter>
    </ClInclude>
    <ClInclude Include="scene\CG_scene\CG_scene.h">
      <Filter>头文件\scene\CG_scene</Filter>
    </ClInclude>
    <ClInclude Include="items\item\item.h">
      <Filter>头文件\items\item</Filter>
    </ClInclude>
    <ClInclude Include="items\item_carefully_BBQ\item_carefully_BBQ.h">
      <Filter>头文件\items\item_carefully_BBQ</Filter>
    </ClInclude>
    <ClInclude Include="items\item_ctrl_Z\item_ctrl_Z.h">
      <Filter>头文件\items\item_ctrl_Z</Filter>
    </ClInclude>
    <ClInclude Include="items\item_helpme_awei\item_helpme_awei.h">
      <Filter>头文件\items\item_helpme_awei</Filter>
    </ClInclude>
    <ClInclude Include="items\item_hiraijin\item_hiraijin.h">
      <Filter>头文件\items\item_hiraijin</Filter>
    </ClInclude>
    <ClInclude Include="items\item_once_again\item_once_again.h">
      <Filter>头文件\items\item_once_again</Filter>
    </ClInclude>
    <ClInclude Include="items\item_the_world\item_the_world.h">
      <Filter>头文件\items\item_the_world</Filter>
    </ClInclude>
    <ClInclude Include="map\map.h">
      <Filter>头文件\map</Filter>
    </ClInclude>
    <ClInclude Include="platform\bounce_platform\bounce_platform.h">
      <Filter>头文件\platform\bounce_platform</Filter>
    </ClInclude>
    <ClInclude Include="platform\speed_platform\speed_platform.h">
      <Filter>头文件\platform\speed_platform</Filter>
    </ClInclude>
    <ClInclude Include="button\pause_button\pause_button.h">
      <Filter>头文件\button\pause_button</Filter>
    </ClInclude>
    <ClInclude Include="button\achievement_button\achievement_button.h">
      <Filter>头文件\button\achievement_button</Filter>
    </ClInclude>
    <ClInclude Include="button\music_control_button\set_up_button.h">
      <Filter>头文件\button\set_up_button</Filter>
    </ClInclude>
    <ClInclude Include="button\showus_button\showus_button.h">
      <Filter>头文件\button\showus_button</Filter>
    </ClInclude>
    <ClInclude Include="button\win_butoon\win_button.h">
      <Filter>头文件\button\win_button</Filter>
    </ClInclude>
    <ClInclude Include="scene\win_scene\win_scene.h">
      <Filter>头文件\scene\win_scene</Filter>
    </ClInclude>
    <ClInclude Include="scene\login_scene\login_scene.h">
      <Filter>头文件\scene\login_scene</Filter>
    </ClInclude>
    <ClInclude Include="button\login_button\login_button.h">
      <Filter>头文件\button\login_button</Filter>
    </ClInclude>
    <ClInclude Include="data.h">
      <Filter>头文件</Filter>
    </ClInclude>
    <ClInclude Include="scene\select_items_scene\select_items_scene.h">
      <Filter>头文件\scene\select_items_scene</Filter>
    </ClInclude>
    <ClInclude Include="scene\rank_scene\rank_scene.h">
      <Filter>头文件\scene\rank_scene</Filter>
    </ClInclude>
  </ItemGroup>
</Project>